
Microsoft Visual Studio Solution File, Format Version 11.00
# Visual Studio 2010
Project("{FAE04EC0-301F-11D3-BF4B-00C04F79EFBC}") = "CNPN Project", "Assembly-CSharp.csproj", "{DC752489-368B-118B-438B-5AA1EC58C4BB}"
EndProject
Global
	GlobalSection(SolutionConfigurationPlatforms) = preSolution
		Debug|Any CPU = Debug|Any CPU
		Release|Any CPU = Release|Any CPU
	EndGlobalSection
	GlobalSection(ProjectConfigurationPlatforms) = postSolution
		{DC752489-368B-118B-438B-5AA1EC58C4BB}.Debug|Any CPU.ActiveCfg = Debug|Any CPU
		{DC752489-368B-118B-438B-5AA1EC58C4BB}.Debug|Any CPU.Build.0 = Debug|Any CPU
		{DC752489-368B-118B-438B-5AA1EC58C4BB}.Release|Any CPU.ActiveCfg = Release|Any CPU
		{DC752489-368B-118B-438B-5AA1EC58C4BB}.Release|Any CPU.Build.0 = Release|Any CPU
	EndGlobalSection
	GlobalSection(SolutionProperties) = preSolution
		HideSolutionNode = FALSE
	EndGlobalSection
	GlobalSection(MonoDevelopProperties) = preSolution
		StartupItem = Assembly-CSharp.csproj
	EndGlobalSection
EndGlobal
